
Microsoft Visual Studio Solution File, Format Version 12.00
# Visual Studio 15
VisualStudioVersion = 15.0.28307.757
MinimumVisualStudioVersion = 10.0.40219.1
Project("{FAE04EC0-301F-11D3-BF4B-00C04F79EFBC}") = "Part1", "CW5\Part1.csproj", "{75760FB9-A559-4FDC-AB07-402424BC5E51}"
EndProject
Project("{FAE04EC0-301F-11D3-BF4B-00C04F79EFBC}") = "Part2", "Part2\Part2.csproj", "{C960A717-6759-4C8E-81BC-82C26014338C}"
EndProject
Project("{FAE04EC0-301F-11D3-BF4B-00C04F79EFBC}") = "Part4", "Part4\Part4.csproj", "{F198FEDE-2213-4717-97A1-3BBDF8756381}"
EndProject
Global
	GlobalSection(SolutionConfigurationPlatforms) = preSolution
		Debug|Any CPU = Debug|Any CPU
		Release|Any CPU = Release|Any CPU
	EndGlobalSection
	GlobalSection(ProjectConfigurationPlatforms) = postSolution
		{75760FB9-A559-4FDC-AB07-402424BC5E51}.Debug|Any CPU.ActiveCfg = Debug|Any CPU
		{75760FB9-A559-4FDC-AB07-402424BC5E51}.Debug|Any CPU.Build.0 = Debug|Any CPU
		{75760FB9-A559-4FDC-AB07-402424BC5E51}.Release|Any CPU.ActiveCfg = Release|Any CPU
		{75760FB9-A559-4FDC-AB07-402424BC5E51}.Release|Any CPU.Build.0 = Release|Any CPU
		{C960A717-6759-4C8E-81BC-82C26014338C}.Debug|Any CPU.ActiveCfg = Debug|Any CPU
		{C960A717-6759-4C8E-81BC-82C26014338C}.Debug|Any CPU.Build.0 = Debug|Any CPU
		{C960A717-6759-4C8E-81BC-82C26014338C}.Release|Any CPU.ActiveCfg = Release|Any CPU
		{C960A717-6759-4C8E-81BC-82C26014338C}.Release|Any CPU.Build.0 = Release|Any CPU
		{F198FEDE-2213-4717-97A1-3BBDF8756381}.Debug|Any CPU.ActiveCfg = Debug|Any CPU
		{F198FEDE-2213-4717-97A1-3BBDF8756381}.Debug|Any CPU.Build.0 = Debug|Any CPU
		{F198FEDE-2213-4717-97A1-3BBDF8756381}.Release|Any CPU.ActiveCfg = Release|Any CPU
		{F198FEDE-2213-4717-97A1-3BBDF8756381}.Release|Any CPU.Build.0 = Release|Any CPU
	EndGlobalSection
	GlobalSection(SolutionProperties) = preSolution
		HideSolutionNode = FALSE
	EndGlobalSection
	GlobalSection(ExtensibilityGlobals) = postSolution
		SolutionGuid = {FBB1972A-F35B-43F3-A90C-787A4B0B3BA8}
	EndGlobalSection
EndGlobal
